
Microsoft Visual Studio Solution File, Format Version 12.00
# Visual Studio Version 17
VisualStudioVersion = 17.1.32421.90
MinimumVisualStudioVersion = 10.0.40219.1
Project("{FAE04EC0-301F-11D3-BF4B-00C04F79EFBC}") = "pacman_2", "pacman_2.csproj", "{FD7D3E9D-093F-459A-81C6-84CEDDECAB69}"
EndProject
Global
	GlobalSection(SolutionConfigurationPlatforms) = preSolution
		Debug|Any CPU = Debug|Any CPU
		Release|Any CPU = Release|Any CPU
	EndGlobalSection
	GlobalSection(ProjectConfigurationPlatforms) = postSolution
		{FD7D3E9D-093F-459A-81C6-84CEDDECAB69}.Debug|Any CPU.ActiveCfg = Debug|Any CPU
		{FD7D3E9D-093F-459A-81C6-84CEDDECAB69}.Debug|Any CPU.Build.0 = Debug|Any CPU
		{FD7D3E9D-093F-459A-81C6-84CEDDECAB69}.Release|Any CPU.ActiveCfg = Release|Any CPU
		{FD7D3E9D-093F-459A-81C6-84CEDDECAB69}.Release|Any CPU.Build.0 = Release|Any CPU
	EndGlobalSection
	GlobalSection(SolutionProperties) = preSolution
		HideSolutionNode = FALSE
	EndGlobalSection
	GlobalSection(ExtensibilityGlobals) = postSolution
		SolutionGuid = {F27D4ECC-9512-4A7C-A02E-2C67C0A6C9B2}
	EndGlobalSection
EndGlobal
